<?xml version="1.0" encoding="utf-8"?>
<Project ToolsVersion="4.0" xmlns="http://schemas.microsoft.com/developer/msbuild/2003">
  <ItemGroup>
    <ClCompile Include="..\..\DynamicOctree\DynamicOctreeApp.cpp">
      <Filter>source</Filter>
    </ClCompile>
    <ClCompile Include="..\..\DynamicOctree\main.cpp">
      <Filter>source</Filter>
    </ClCompile>
    <ClCompile Include="..\..\DynamicOctree\DynamicOctree.cpp">
      <Filter>source</Filter>
    </ClCompile>
    <ClCompile Include="..\..\DynamicOctree\DynamicOctreeNode.cpp">
      <Filter>source</Filter>
    </ClCompile>
    <ClCompile Include="..\..\DynamicOctree\DynamicOctreeRenderer.cpp">
      <Filter>source</Filter>
    </ClCompile>
    <ClCompile Include="..\..\DynamicOctree\XyzReader.cpp">
      <Filter>source</Filter>
    </ClCompile>
  </ItemGroup>
  <ItemGroup>
    <None Include="..\..\DynamicOctree\shader\ps.glsl">
      <Filter>shader</Filter>
    </None>
    <None Include="..\..\DynamicOctree\shader\vs.glsl">
      <Filter>shader</Filter>
    </None>
  </ItemGroup>
  <ItemGroup>
    <Filter Include="include">
      <UniqueIdentifier>{087e38ae-6aee-42e9-9fab-042160e9f4ef}</UniqueIdentifier>
    </Filter>
    <Filter Include="source">
      <UniqueIdentifier>{cfa4f5cd-e927-4f0f-9ade-89267f609f6f}</UniqueIdentifier>
    </Filter>
    <Filter Include="shader">
      <UniqueIdentifier>{2318f175-ef55-40d0-95f7-e815c8efc3a3}</UniqueIdentifier>
    </Filter>
  </ItemGroup>
  <ItemGroup>
    <ClInclude Include="..\..\DynamicOctree\DynamicOctreeApp.h">
      <Filter>include</Filter>
    </ClInclude>
    <ClInclude Include="..\..\DynamicOctree\DynamicOctree.h">
      <Filter>include</Filter>
    </ClInclude>
    <ClInclude Include="..\..\DynamicOctree\DynamicOctreeNode.h">
      <Filter>include</Filter>
    </ClInclude>
    <ClInclude Include="..\..\DynamicOctree\DynamicOctreeRenderer.h">
      <Filter>include</Filter>
    </ClInclude>
    <ClInclude Include="..\..\DynamicOctree\XyzReader.h">
      <Filter>include</Filter>
    </ClInclude>
  </ItemGroup>
  <ItemGroup>
    <FxCompile Include="..\..\DynamicOctree\shader\BasicShader.fx">
      <Filter>shader</Filter>
    </FxCompile>
  </ItemGroup>
  <ItemGroup>
    <CustomBuild Include="..\..\DynamicOctree\shader\BasicShader.xml">
      <Filter>shader</Filter>
    </CustomBuild>
  </ItemGroup>
</Project>