<?xml version="1.0" encoding="utf-8"?>
<Project ToolsVersion="4.0" xmlns="http://schemas.microsoft.com/developer/msbuild/2003">
  <ItemGroup>
    <Filter Include="include">
      <UniqueIdentifier>{d6de52c4-ce7c-4bbb-b5a4-ce4f95be95fc}</UniqueIdentifier>
    </Filter>
    <Filter Include="source">
      <UniqueIdentifier>{e1bd3758-1e6f-4b4d-803a-533f2fe05db1}</UniqueIdentifier>
    </Filter>
    <Filter Include="shader">
      <UniqueIdentifier>{2b08505b-1230-482d-ac56-362090d8aff5}</UniqueIdentifier>
    </Filter>
  </ItemGroup>
  <ItemGroup>
    <ClCompile Include="..\..\DynamicStream\DynamicStreamApp.cpp">
      <Filter>source</Filter>
    </ClCompile>
    <ClCompile Include="..\..\DynamicStream\main.cpp">
      <Filter>source</Filter>
    </ClCompile>
    <ClCompile Include="..\..\DynamicStream\bufferlock.cpp">
      <Filter>source</Filter>
    </ClCompile>
  </ItemGroup>
  <ItemGroup>
    <ClInclude Include="..\..\DynamicStream\DynamicStreamApp.h">
      <Filter>include</Filter>
    </ClInclude>
    <ClInclude Include="..\..\DynamicStream\bufferlock.h">
      <Filter>include</Filter>
    </ClInclude>
  </ItemGroup>
  <ItemGroup>
    <None Include="..\..\DynamicStream\shader\ps.glsl">
      <Filter>shader</Filter>
    </None>
    <None Include="..\..\DynamicStream\shader\vs.glsl">
      <Filter>shader</Filter>
    </None>
  </ItemGroup>
</Project>