<?xml version="1.0" encoding="utf-8"?>
<Project ToolsVersion="4.0" xmlns="http://schemas.microsoft.com/developer/msbuild/2003">
  <ItemGroup>
    <Filter Include="source">
      <UniqueIdentifier>{f787417c-4a53-480c-ba06-5c8c4710decc}</UniqueIdentifier>
    </Filter>
    <Filter Include="include">
      <UniqueIdentifier>{f20536aa-da1c-4020-b7fb-3b4e95bce65d}</UniqueIdentifier>
    </Filter>
    <Filter Include="shader">
      <UniqueIdentifier>{47ef851d-bd1b-4537-98c1-5680d4bd2548}</UniqueIdentifier>
    </Filter>
  </ItemGroup>
  <ItemGroup>
    <ClCompile Include="..\..\MultiDraw\bufferlock.cpp">
      <Filter>source</Filter>
    </ClCompile>
    <ClCompile Include="..\..\MultiDraw\main.cpp">
      <Filter>source</Filter>
    </ClCompile>
    <ClCompile Include="..\..\MultiDraw\MultiDrawApp.cpp">
      <Filter>source</Filter>
    </ClCompile>
  </ItemGroup>
  <ItemGroup>
    <ClInclude Include="..\..\MultiDraw\bufferlock.h">
      <Filter>include</Filter>
    </ClInclude>
    <ClInclude Include="..\..\MultiDraw\MultiDrawApp.h">
      <Filter>include</Filter>
    </ClInclude>
  </ItemGroup>
  <ItemGroup>
    <None Include="..\..\MultiDraw\shader\vs.glsl">
      <Filter>shader</Filter>
    </None>
    <None Include="..\..\MultiDraw\shader\ps.glsl">
      <Filter>shader</Filter>
    </None>
  </ItemGroup>
</Project>