<?xml version="1.0" encoding="utf-8"?>
<Project ToolsVersion="4.0" xmlns="http://schemas.microsoft.com/developer/msbuild/2003">
  <ItemGroup>
    <ClCompile Include="..\..\Viewport\main.cpp">
      <Filter>source</Filter>
    </ClCompile>
    <ClCompile Include="..\..\Viewport\ViewportApp.cpp">
      <Filter>source</Filter>
    </ClCompile>
  </ItemGroup>
  <ItemGroup>
    <Filter Include="include">
      <UniqueIdentifier>{14fd4957-b858-4740-88e1-0f22e42d2713}</UniqueIdentifier>
    </Filter>
    <Filter Include="source">
      <UniqueIdentifier>{4dafd3ce-78ce-46c5-92cf-18af2fc654c4}</UniqueIdentifier>
    </Filter>
    <Filter Include="shader">
      <UniqueIdentifier>{98348ae4-e81d-4d2a-9a02-ba1ac3e5a18f}</UniqueIdentifier>
    </Filter>
  </ItemGroup>
  <ItemGroup>
    <None Include="..\..\Viewport\shader\BasicShader.fx">
      <Filter>shader</Filter>
    </None>
  </ItemGroup>
  <ItemGroup>
    <CustomBuild Include="..\..\Viewport\shader\BasicShader.xml">
      <Filter>shader</Filter>
    </CustomBuild>
  </ItemGroup>
  <ItemGroup>
    <ClInclude Include="..\..\Viewport\ViewportApp.h">
      <Filter>include</Filter>
    </ClInclude>
  </ItemGroup>
</Project>