<?xml version="1.0" encoding="utf-8"?>
<Project ToolsVersion="4.0" xmlns="http://schemas.microsoft.com/developer/msbuild/2003">
  <ItemGroup>
    <Filter Include="src">
      <UniqueIdentifier>{4FC737F1-C7A5-4376-A066-2A32D752A2FF}</UniqueIdentifier>
      <Extensions>cpp;c;cc;cxx;def;odl;idl;hpj;bat;asm;asmx</Extensions>
    </Filter>
    <Filter Include="include">
      <UniqueIdentifier>{93995380-89BD-4b04-88EB-625FBE52EBFB}</UniqueIdentifier>
      <Extensions>h;hh;hpp;hxx;hm;inl;inc;xsd</Extensions>
    </Filter>
    <Filter Include="proxy">
      <UniqueIdentifier>{110a78ec-c787-4e0c-972d-73df58b2b4f9}</UniqueIdentifier>
    </Filter>
  </ItemGroup>
  <ItemGroup>
    <ClInclude Include="C:\work\tmp\PotreeConverter-master\PotreeConverter\include\AABB.h">
      <Filter>include</Filter>
    </ClInclude>
    <ClInclude Include="C:\work\tmp\PotreeConverter-master\PotreeConverter\include\GridCell.h">
      <Filter>include</Filter>
    </ClInclude>
    <ClInclude Include="C:\work\tmp\PotreeConverter-master\PotreeConverter\include\GridIndex.h">
      <Filter>include</Filter>
    </ClInclude>
    <ClInclude Include="C:\work\tmp\PotreeConverter-master\PotreeConverter\include\LASPointReader.h">
      <Filter>include</Filter>
    </ClInclude>
    <ClInclude Include="C:\work\tmp\PotreeConverter-master\PotreeConverter\include\PlyPointReader.h">
      <Filter>include</Filter>
    </ClInclude>
    <ClInclude Include="C:\work\tmp\PotreeConverter-master\PotreeConverter\include\Point.h">
      <Filter>include</Filter>
    </ClInclude>
    <ClInclude Include="C:\work\tmp\PotreeConverter-master\PotreeConverter\include\PointReader.h">
      <Filter>include</Filter>
    </ClInclude>
    <ClInclude Include="C:\work\tmp\PotreeConverter-master\PotreeConverter\include\PotreeConverter.h">
      <Filter>include</Filter>
    </ClInclude>
    <ClInclude Include="C:\work\tmp\PotreeConverter-master\PotreeConverter\include\PotreeException.h">
      <Filter>include</Filter>
    </ClInclude>
    <ClInclude Include="C:\work\tmp\PotreeConverter-master\PotreeConverter\include\PotreeWriter.h">
      <Filter>include</Filter>
    </ClInclude>
    <ClInclude Include="C:\work\tmp\PotreeConverter-master\PotreeConverter\include\PTXPointReader.h">
      <Filter>include</Filter>
    </ClInclude>
    <ClInclude Include="C:\work\tmp\PotreeConverter-master\PotreeConverter\include\SparseGrid.h">
      <Filter>include</Filter>
    </ClInclude>
    <ClInclude Include="C:\work\tmp\PotreeConverter-master\PotreeConverter\include\stuff.h">
      <Filter>include</Filter>
    </ClInclude>
    <ClInclude Include="C:\work\tmp\PotreeConverter-master\PotreeConverter\include\Vector3.h">
      <Filter>include</Filter>
    </ClInclude>
    <ClInclude Include="C:\work\tmp\PotreeConverter-master\PotreeConverter\include\BINPointReader.hpp">
      <Filter>include</Filter>
    </ClInclude>
    <ClInclude Include="C:\work\tmp\PotreeConverter-master\PotreeConverter\include\BINPointWriter.hpp">
      <Filter>include</Filter>
    </ClInclude>
    <ClInclude Include="C:\work\tmp\PotreeConverter-master\PotreeConverter\include\CloudJS.hpp">
      <Filter>include</Filter>
    </ClInclude>
    <ClInclude Include="C:\work\tmp\PotreeConverter-master\PotreeConverter\include\definitions.hpp">
      <Filter>include</Filter>
    </ClInclude>
    <ClInclude Include="C:\work\tmp\PotreeConverter-master\PotreeConverter\include\LASPointWriter.hpp">
      <Filter>include</Filter>
    </ClInclude>
    <ClInclude Include="C:\work\tmp\PotreeConverter-master\PotreeConverter\include\PointAttributes.hpp">
      <Filter>include</Filter>
    </ClInclude>
    <ClInclude Include="C:\work\tmp\PotreeConverter-master\PotreeConverter\include\PointWriter.hpp">
      <Filter>include</Filter>
    </ClInclude>
    <ClInclude Include="C:\work\tmp\PotreeConverter-master\PotreeConverter\include\XYZPointReader.hpp">
      <Filter>include</Filter>
    </ClInclude>
    <ClInclude Include="C:\work\tmp\PotreeConverter-master\PotreeConverter\lib\rapidjson\include\rapidjson\allocators.h">
      <Filter>include</Filter>
    </ClInclude>
    <ClInclude Include="C:\work\tmp\PotreeConverter-master\PotreeConverter\lib\rapidjson\include\rapidjson\document.h">
      <Filter>include</Filter>
    </ClInclude>
    <ClInclude Include="C:\work\tmp\PotreeConverter-master\PotreeConverter\lib\rapidjson\include\rapidjson\encodedstream.h">
      <Filter>include</Filter>
    </ClInclude>
    <ClInclude Include="C:\work\tmp\PotreeConverter-master\PotreeConverter\lib\rapidjson\include\rapidjson\encodings.h">
      <Filter>include</Filter>
    </ClInclude>
    <ClInclude Include="C:\work\tmp\PotreeConverter-master\PotreeConverter\lib\rapidjson\include\rapidjson\error\en.h">
      <Filter>include</Filter>
    </ClInclude>
    <ClInclude Include="C:\work\tmp\PotreeConverter-master\PotreeConverter\lib\rapidjson\include\rapidjson\error\error.h">
      <Filter>include</Filter>
    </ClInclude>
    <ClInclude Include="C:\work\tmp\PotreeConverter-master\PotreeConverter\lib\rapidjson\include\rapidjson\filereadstream.h">
      <Filter>include</Filter>
    </ClInclude>
    <ClInclude Include="C:\work\tmp\PotreeConverter-master\PotreeConverter\lib\rapidjson\include\rapidjson\filewritestream.h">
      <Filter>include</Filter>
    </ClInclude>
    <ClInclude Include="C:\work\tmp\PotreeConverter-master\PotreeConverter\lib\rapidjson\include\rapidjson\internal\biginteger.h">
      <Filter>include</Filter>
    </ClInclude>
    <ClInclude Include="C:\work\tmp\PotreeConverter-master\PotreeConverter\lib\rapidjson\include\rapidjson\internal\diyfp.h">
      <Filter>include</Filter>
    </ClInclude>
    <ClInclude Include="C:\work\tmp\PotreeConverter-master\PotreeConverter\lib\rapidjson\include\rapidjson\internal\dtoa.h">
      <Filter>include</Filter>
    </ClInclude>
    <ClInclude Include="C:\work\tmp\PotreeConverter-master\PotreeConverter\lib\rapidjson\include\rapidjson\internal\ieee754.h">
      <Filter>include</Filter>
    </ClInclude>
    <ClInclude Include="C:\work\tmp\PotreeConverter-master\PotreeConverter\lib\rapidjson\include\rapidjson\internal\itoa.h">
      <Filter>include</Filter>
    </ClInclude>
    <ClInclude Include="C:\work\tmp\PotreeConverter-master\PotreeConverter\lib\rapidjson\include\rapidjson\internal\meta.h">
      <Filter>include</Filter>
    </ClInclude>
    <ClInclude Include="C:\work\tmp\PotreeConverter-master\PotreeConverter\lib\rapidjson\include\rapidjson\internal\pow10.h">
      <Filter>include</Filter>
    </ClInclude>
    <ClInclude Include="C:\work\tmp\PotreeConverter-master\PotreeConverter\lib\rapidjson\include\rapidjson\internal\stack.h">
      <Filter>include</Filter>
    </ClInclude>
    <ClInclude Include="C:\work\tmp\PotreeConverter-master\PotreeConverter\lib\rapidjson\include\rapidjson\internal\strfunc.h">
      <Filter>include</Filter>
    </ClInclude>
    <ClInclude Include="C:\work\tmp\PotreeConverter-master\PotreeConverter\lib\rapidjson\include\rapidjson\internal\strtod.h">
      <Filter>include</Filter>
    </ClInclude>
    <ClInclude Include="C:\work\tmp\PotreeConverter-master\PotreeConverter\lib\rapidjson\include\rapidjson\internal\swap.h">
      <Filter>include</Filter>
    </ClInclude>
    <ClInclude Include="C:\work\tmp\PotreeConverter-master\PotreeConverter\lib\rapidjson\include\rapidjson\memorybuffer.h">
      <Filter>include</Filter>
    </ClInclude>
    <ClInclude Include="C:\work\tmp\PotreeConverter-master\PotreeConverter\lib\rapidjson\include\rapidjson\memorystream.h">
      <Filter>include</Filter>
    </ClInclude>
    <ClInclude Include="C:\work\tmp\PotreeConverter-master\PotreeConverter\lib\rapidjson\include\rapidjson\msinttypes\inttypes.h">
      <Filter>include</Filter>
    </ClInclude>
    <ClInclude Include="C:\work\tmp\PotreeConverter-master\PotreeConverter\lib\rapidjson\include\rapidjson\msinttypes\stdint.h">
      <Filter>include</Filter>
    </ClInclude>
    <ClInclude Include="C:\work\tmp\PotreeConverter-master\PotreeConverter\lib\rapidjson\include\rapidjson\pointer.h">
      <Filter>include</Filter>
    </ClInclude>
    <ClInclude Include="C:\work\tmp\PotreeConverter-master\PotreeConverter\lib\rapidjson\include\rapidjson\prettywriter.h">
      <Filter>include</Filter>
    </ClInclude>
    <ClInclude Include="C:\work\tmp\PotreeConverter-master\PotreeConverter\lib\rapidjson\include\rapidjson\rapidjson.h">
      <Filter>include</Filter>
    </ClInclude>
    <ClInclude Include="C:\work\tmp\PotreeConverter-master\PotreeConverter\lib\rapidjson\include\rapidjson\reader.h">
      <Filter>include</Filter>
    </ClInclude>
    <ClInclude Include="C:\work\tmp\PotreeConverter-master\PotreeConverter\lib\rapidjson\include\rapidjson\stringbuffer.h">
      <Filter>include</Filter>
    </ClInclude>
    <ClInclude Include="C:\work\tmp\PotreeConverter-master\PotreeConverter\lib\rapidjson\include\rapidjson\writer.h">
      <Filter>include</Filter>
    </ClInclude>
    <ClInclude Include="proxy.h">
      <Filter>proxy</Filter>
    </ClInclude>
  </ItemGroup>
  <ItemGroup>
    <ClCompile Include="C:\work\tmp\PotreeConverter-master\PotreeConverter\src\BINPointReader.cpp">
      <Filter>src</Filter>
    </ClCompile>
    <ClCompile Include="C:\work\tmp\PotreeConverter-master\PotreeConverter\src\GridCell.cpp">
      <Filter>src</Filter>
    </ClCompile>
    <ClCompile Include="C:\work\tmp\PotreeConverter-master\PotreeConverter\src\LASPointReader.cpp">
      <Filter>src</Filter>
    </ClCompile>
    <ClCompile Include="C:\work\tmp\PotreeConverter-master\PotreeConverter\src\LASPointWriter.cpp">
      <Filter>src</Filter>
    </ClCompile>
    <ClCompile Include="C:\work\tmp\PotreeConverter-master\PotreeConverter\src\PointAttributes.cpp">
      <Filter>src</Filter>
    </ClCompile>
    <ClCompile Include="C:\work\tmp\PotreeConverter-master\PotreeConverter\src\PotreeConverter.cpp">
      <Filter>src</Filter>
    </ClCompile>
    <ClCompile Include="C:\work\tmp\PotreeConverter-master\PotreeConverter\src\PotreeWriter.cpp">
      <Filter>src</Filter>
    </ClCompile>
    <ClCompile Include="C:\work\tmp\PotreeConverter-master\PotreeConverter\src\PTXPointReader.cpp">
      <Filter>src</Filter>
    </ClCompile>
    <ClCompile Include="C:\work\tmp\PotreeConverter-master\PotreeConverter\src\SparseGrid.cpp">
      <Filter>src</Filter>
    </ClCompile>
    <ClCompile Include="C:\work\tmp\PotreeConverter-master\PotreeConverter\src\stuff.cpp">
      <Filter>src</Filter>
    </ClCompile>
    <ClCompile Include="proxy.cpp">
      <Filter>proxy</Filter>
    </ClCompile>
  </ItemGroup>
  <ItemGroup>
    <CustomBuild Include="C:\work\tmp\PotreeConverter-master\PotreeConverter\CMakeLists.txt" />
  </ItemGroup>
</Project>